
Microsoft Visual Studio Solution File, Format Version 12.00
# Visual Studio Version 16
VisualStudioVersion = 16.0.31515.178
MinimumVisualStudioVersion = 10.0.40219.1
Project("{FAE04EC0-301F-11D3-BF4B-00C04F79EFBC}") = "Interest_Calculator_SF_MASOKA_39069656", "Interest_Calculator_SF_MASOKA_39069656\Interest_Calculator_SF_MASOKA_39069656.csproj", "{60069A77-F604-48F7-AC9B-4B1747126AF3}"
EndProject
Global
	GlobalSection(SolutionConfigurationPlatforms) = preSolution
		Debug|Any CPU = Debug|Any CPU
		Release|Any CPU = Release|Any CPU
	EndGlobalSection
	GlobalSection(ProjectConfigurationPlatforms) = postSolution
		{60069A77-F604-48F7-AC9B-4B1747126AF3}.Debug|Any CPU.ActiveCfg = Debug|Any CPU
		{60069A77-F604-48F7-AC9B-4B1747126AF3}.Debug|Any CPU.Build.0 = Debug|Any CPU
		{60069A77-F604-48F7-AC9B-4B1747126AF3}.Release|Any CPU.ActiveCfg = Release|Any CPU
		{60069A77-F604-48F7-AC9B-4B1747126AF3}.Release|Any CPU.Build.0 = Release|Any CPU
	EndGlobalSection
	GlobalSection(SolutionProperties) = preSolution
		HideSolutionNode = FALSE
	EndGlobalSection
	GlobalSection(ExtensibilityGlobals) = postSolution
		SolutionGuid = {0AF2DEAD-F1A7-481D-8935-56907927B74F}
	EndGlobalSection
EndGlobal
